{
	"name": "pi-extension-line-edit",
	"version": "1.0.0",
	"lockfileVersion": 3,
	"requires": true,
	"packages": {
		"": {
			"name": "pi-extension-line-edit",
			"version": "1.0.0",
			"dependencies": {
				"diff": "^7.0.0"
			},
			"devDependencies": {
				"@types/diff": "^6.0.0"
			}
		},
		"node_modules/@types/diff": {
			"version": "6.0.0",
			"resolved": "https://registry.npmjs.org/@types/diff/-/diff-6.0.0.tgz",
			"integrity": "sha512-dhVCYGv3ZSbzmQaBSagrv1WJ6rXCdkyTcDyoNu1MD8JohI7pR7k8wdZEm+mvdxRKXyHVwckFzWU1vJc+Z29MlA==",
			"dev": true,
			"license": "MIT"
		},
		"node_modules/diff": {
			"version": "7.0.0",
			"resolved": "https://registry.npmjs.org/diff/-/diff-7.0.0.tgz",
			"integrity": "sha512-PJWHUb1RFevKCwaFA9RlG5tCd+FO5iRh9A8HEtkmBH2Li03iJriB6m6JIN4rGz3K3JLawI7/veA1xzRKP6ISBw==",
			"license": "BSD-3-Clause",
			"engines": {
				"node": ">=0.3.1"
			}
		}
	}
}
